{
  "object": {
    "pins": [
      {
        "package": "Prelude",
        "repositoryURL": "/Users/justinguedes/Library/Mobile Documents/com~apple~CloudDocs/Programming/Swift/Prelude",
        "state": {
          "branch": "master",
          "revision": "fb543b4b5ae8cb0ba92caace3841089770c83f3a",
          "version": null
        }
      }
    ]
  },
  "version": 1
}
