{
  "object": {
    "pins": [
      {
        "package": "Prelude",
        "repositoryURL": "https://github.com/JustinGuedes/Prelude",
        "state": {
          "branch": null,
          "revision": "a8748d2b0657e3d5082f939fd4da13e3198e3d5f",
          "version": "0.0.2"
        }
      }
    ]
  },
  "version": 1
}
